// !$*UTF8*$!
{
	archiveVersion = 1;
	classes = {
	};
	objectVersion = 50;
	objects = {

/* Begin PBXBuildFile section */
		B84B299023D1DD7700F6D4AB /* AppDelegate.swift in Sources */ = {isa = PBXBuildFile; fileRef = B84B298F23D1DD7700F6D4AB /* AppDelegate.swift */; };
		B84B299223D1DD7700F6D4AB /* SceneDelegate.swift in Sources */ = {isa = PBXBuildFile; fileRef = B84B299123D1DD7700F6D4AB /* SceneDelegate.swift */; };
		B84B299423D1DD7700F6D4AB /* ViewController.swift in Sources */ = {isa = PBXBuildFile; fileRef = B84B299323D1DD7700F6D4AB /* ViewController.swift */; };
		B84B299723D1DD7700F6D4AB /* Main.storyboard in Resources */ = {isa = PBXBuildFile; fileRef = B84B299523D1DD7700F6D4AB /* Main.storyboard */; };
		B84B299923D1DD7900F6D4AB /* Assets.xcassets in Resources */ = {isa = PBXBuildFile; fileRef = B84B299823D1DD7900F6D4AB /* Assets.xcassets */; };
		B84B299C23D1DD7900F6D4AB /* LaunchScreen.storyboard in Resources */ = {isa = PBXBuildFile; fileRef = B84B299A23D1DD7900F6D4AB /* LaunchScreen.storyboard */; };
		B84B29A723D1DD7A00F6D4AB /* swift_devTests.swift in Sources */ = {isa = PBXBuildFile; fileRef = B84B29A623D1DD7A00F6D4AB /* swift_devTests.swift */; };
/* End PBXBuildFile section */

/* Begin PBXContainerItemProxy section */
		B84B29A323D1DD7A00F6D4AB /* PBXContainerItemProxy */ = {
			isa = PBXContainerItemProxy;
			containerPortal = B84B298423D1DD7600F6D4AB /* Project object */;
			proxyType = 1;
			remoteGlobalIDString = B84B298B23D1DD7600F6D4AB;
			remoteInfo = swift_dev;
		};
/* End PBXContainerItemProxy section */

/* Begin PBXFileReference section */
		B84B298C23D1DD7600F6D4AB /* swift_dev.app */ = {isa = PBXFileReference; explicitFileType = wrapper.application; includeInIndex = 0; path = swift_dev.app; sourceTree = BUILT_PRODUCTS_DIR; };
		B84B298F23D1DD7700F6D4AB /* AppDelegate.swift */ = {isa = PBXFileReference; lastKnownFileType = sourcecode.swift; path = AppDelegate.swift; sourceTree = "<group>"; };
		B84B299123D1DD7700F6D4AB /* SceneDelegate.swift */ = {isa = PBXFileReference; lastKnownFileType = sourcecode.swift; path = SceneDelegate.swift; sourceTree = "<group>"; };
		B84B299323D1DD7700F6D4AB /* ViewController.swift */ = {isa = PBXFileReference; lastKnownFileType = sourcecode.swift; path = ViewController.swift; sourceTree = "<group>"; };
		B84B299623D1DD7700F6D4AB /* Base */ = {isa = PBXFileReference; lastKnownFileType = file.storyboard; name = Base; path = Base.lproj/Main.storyboard; sourceTree = "<group>"; };
		B84B299823D1DD7900F6D4AB /* Assets.xcassets */ = {isa = PBXFileReference; lastKnownFileType = folder.assetcatalog; path = Assets.xcassets; sourceTree = "<group>"; };
		B84B299B23D1DD7900F6D4AB /* Base */ = {isa = PBXFileReference; lastKnownFileType = file.storyboard; name = Base; path = Base.lproj/LaunchScreen.storyboard; sourceTree = "<group>"; };
		B84B299D23D1DD7900F6D4AB /* Info.plist */ = {isa = PBXFileReference; lastKnownFileType = text.plist.xml; path = Info.plist; sourceTree = "<group>"; };
		B84B29A223D1DD7A00F6D4AB /* swift_devTests.xctest */ = {isa = PBXFileReference; explicitFileType = wrapper.cfbundle; includeInIndex = 0; path = swift_devTests.xctest; sourceTree = BUILT_PRODUCTS_DIR; };
		B84B29A623D1DD7A00F6D4AB /* swift_devTests.swift */ = {isa = PBXFileReference; lastKnownFileType = sourcecode.swift; path = swift_devTests.swift; sourceTree = "<group>"; };
		B84B29A823D1DD7A00F6D4AB /* Info.plist */ = {isa = PBXFileReference; lastKnownFileType = text.plist.xml; path = Info.plist; sourceTree = "<group>"; };
/* End PBXFileReference section */

/* Begin PBXFrameworksBuildPhase section */
		B84B298923D1DD7600F6D4AB /* Frameworks */ = {
			isa = PBXFrameworksBuildPhase;
			buildActionMask = 2147483647;
			files = (
			);
			runOnlyForDeploymentPostprocessing = 0;
		};
		B84B299F23D1DD7A00F6D4AB /* Frameworks */ = {
			isa = PBXFrameworksBuildPhase;
			buildActionMask = 2147483647;
			files = (
			);
			runOnlyForDeploymentPostprocessing = 0;
		};
/* End PBXFrameworksBuildPhase section */

/* Begin PBXGroup section */
		B84B298323D1DD7600F6D4AB = {
			isa = PBXGroup;
			children = (
				B84B298E23D1DD7600F6D4AB /* swift_dev */,
				B84B29A523D1DD7A00F6D4AB /* swift_devTests */,
				B84B298D23D1DD7600F6D4AB /* Products */,
			);
			sourceTree = "<group>";
		};
		B84B298D23D1DD7600F6D4AB /* Products */ = {
			isa = PBXGroup;
			children = (
				B84B298C23D1DD7600F6D4AB /* swift_dev.app */,
				B84B29A223D1DD7A00F6D4AB /* swift_devTests.xctest */,
			);
			name = Products;
			sourceTree = "<group>";
		};
		B84B298E23D1DD7600F6D4AB /* swift_dev */ = {
			isa = PBXGroup;
			children = (
				B84B298F23D1DD7700F6D4AB /* AppDelegate.swift */,
				B84B299123D1DD7700F6D4AB /* SceneDelegate.swift */,
				B84B299323D1DD7700F6D4AB /* ViewController.swift */,
				B84B299523D1DD7700F6D4AB /* Main.storyboard */,
				B84B299823D1DD7900F6D4AB /* Assets.xcassets */,
				B84B299A23D1DD7900F6D4AB /* LaunchScreen.storyboard */,
				B84B299D23D1DD7900F6D4AB /* Info.plist */,
			);
			path = swift_dev;
			sourceTree = "<group>";
		};
		B84B29A523D1DD7A00F6D4AB /* swift_devTests */ = {
			isa = PBXGroup;
			children = (
				B84B29A623D1DD7A00F6D4AB /* swift_devTests.swift */,
				B84B29A823D1DD7A00F6D4AB /* Info.plist */,
			);
			path = swift_devTests;
			sourceTree = "<group>";
		};
/* End PBXGroup section */

/* Begin PBXNativeTarget section */
		B84B298B23D1DD7600F6D4AB /* swift_dev */ = {
			isa = PBXNativeTarget;
			buildConfigurationList = B84B29AB23D1DD7A00F6D4AB /* Build configuration list for PBXNativeTarget "swift_dev" */;
			buildPhases = (
				B84B298823D1DD7600F6D4AB /* Sources */,
				B84B298923D1DD7600F6D4AB /* Frameworks */,
				B84B298A23D1DD7600F6D4AB /* Resources */,
			);
			buildRules = (
			);
			dependencies = (
			);
			name = swift_dev;
			productName = swift_dev;
			productReference = B84B298C23D1DD7600F6D4AB /* swift_dev.app */;
			productType = "com.apple.product-type.application";
		};
		B84B29A123D1DD7A00F6D4AB /* swift_devTests */ = {
			isa = PBXNativeTarget;
			buildConfigurationList = B84B29AE23D1DD7A00F6D4AB /* Build configuration list for PBXNativeTarget "swift_devTests" */;
			buildPhases = (
				B84B299E23D1DD7A00F6D4AB /* Sources */,
				B84B299F23D1DD7A00F6D4AB /* Frameworks */,
				B84B29A023D1DD7A00F6D4AB /* Resources */,
			);
			buildRules = (
			);
			dependencies = (
				B84B29A423D1DD7A00F6D4AB /* PBXTargetDependency */,
			);
			name = swift_devTests;
			productName = swift_devTests;
			productReference = B84B29A223D1DD7A00F6D4AB /* swift_devTests.xctest */;
			productType = "com.apple.product-type.bundle.unit-test";
		};
/* End PBXNativeTarget section */

/* Begin PBXProject section */
		B84B298423D1DD7600F6D4AB /* Project object */ = {
			isa = PBXProject;
			attributes = {
				LastSwiftUpdateCheck = 1130;
				LastUpgradeCheck = 1130;
				ORGANIZATIONNAME = shaomin;
				TargetAttributes = {
					B84B298B23D1DD7600F6D4AB = {
						CreatedOnToolsVersion = 11.3.1;
					};
					B84B29A123D1DD7A00F6D4AB = {
						CreatedOnToolsVersion = 11.3.1;
						TestTargetID = B84B298B23D1DD7600F6D4AB;
					};
				};
			};
			buildConfigurationList = B84B298723D1DD7600F6D4AB /* Build configuration list for PBXProject "swift_dev" */;
			compatibilityVersion = "Xcode 9.3";
			developmentRegion = en;
			hasScannedForEncodings = 0;
			knownRegions = (
				en,
				Base,
			);
			mainGroup = B84B298323D1DD7600F6D4AB;
			productRefGroup = B84B298D23D1DD7600F6D4AB /* Products */;
			projectDirPath = "";
			projectRoot = "";
			targets = (
				B84B298B23D1DD7600F6D4AB /* swift_dev */,
				B84B29A123D1DD7A00F6D4AB /* swift_devTests */,
			);
		};
/* End PBXProject section */

/* Begin PBXResourcesBuildPhase section */
		B84B298A23D1DD7600F6D4AB /* Resources */ = {
			isa = PBXResourcesBuildPhase;
			buildActionMask = 2147483647;
			files = (
				B84B299C23D1DD7900F6D4AB /* LaunchScreen.storyboard in Resources */,
				B84B299923D1DD7900F6D4AB /* Assets.xcassets in Resources */,
				B84B299723D1DD7700F6D4AB /* Main.storyboard in Resources */,
			);
			runOnlyForDeploymentPostprocessing = 0;
		};
		B84B29A023D1DD7A00F6D4AB /* Resources */ = {
			isa = PBXResourcesBuildPhase;
			buildActionMask = 2147483647;
			files = (
			);
			runOnlyForDeploymentPostprocessing = 0;
		};
/* End PBXResourcesBuildPhase section */

/* Begin PBXSourcesBuildPhase section */
		B84B298823D1DD7600F6D4AB /* Sources */ = {
			isa = PBXSourcesBuildPhase;
			buildActionMask = 2147483647;
			files = (
				B84B299423D1DD7700F6D4AB /* ViewController.swift in Sources */,
				B84B299023D1DD7700F6D4AB /* AppDelegate.swift in Sources */,
				B84B299223D1DD7700F6D4AB /* SceneDelegate.swift in Sources */,
			);
			runOnlyForDeploymentPostprocessing = 0;
		};
		B84B299E23D1DD7A00F6D4AB /* Sources */ = {
			isa = PBXSourcesBuildPhase;
			buildActionMask = 2147483647;
			files = (
				B84B29A723D1DD7A00F6D4AB /* swift_devTests.swift in Sources */,
			);
			runOnlyForDeploymentPostprocessing = 0;
		};
/* End PBXSourcesBuildPhase section */

/* Begin PBXTargetDependency section */
		B84B29A423D1DD7A00F6D4AB /* PBXTargetDependency */ = {
			isa = PBXTargetDependency;
			target = B84B298B23D1DD7600F6D4AB /* swift_dev */;
			targetProxy = B84B29A323D1DD7A00F6D4AB /* PBXContainerItemProxy */;
		};
/* End PBXTargetDependency section */

/* Begin PBXVariantGroup section */
		B84B299523D1DD7700F6D4AB /* Main.storyboard */ = {
			isa = PBXVariantGroup;
			children = (
				B84B299623D1DD7700F6D4AB /* Base */,
			);
			name = Main.storyboard;
			sourceTree = "<group>";
		};
		B84B299A23D1DD7900F6D4AB /* LaunchScreen.storyboard */ = {
			isa = PBXVariantGroup;
			children = (
				B84B299B23D1DD7900F6D4AB /* Base */,
			);
			name = LaunchScreen.storyboard;
			sourceTree = "<group>";
		};
/* End PBXVariantGroup section */

/* Begin XCBuildConfiguration section */
		B84B29A923D1DD7A00F6D4AB /* Debug */ = {
			isa = XCBuildConfiguration;
			buildSettings = {
				ALWAYS_SEARCH_USER_PATHS = NO;
				CLANG_ANALYZER_NONNULL = YES;
				CLANG_ANALYZER_NUMBER_OBJECT_CONVERSION = YES_AGGRESSIVE;
				CLANG_CXX_LANGUAGE_STANDARD = "gnu++14";
				CLANG_CXX_LIBRARY = "libc++";
				CLANG_ENABLE_MODULES = YES;
				CLANG_ENABLE_OBJC_ARC = YES;
				CLANG_ENABLE_OBJC_WEAK = YES;
				CLANG_WARN_BLOCK_CAPTURE_AUTORELEASING = YES;
				CLANG_WARN_BOOL_CONVERSION = YES;
				CLANG_WARN_COMMA = YES;
				CLANG_WARN_CONSTANT_CONVERSION = YES;
				CLANG_WARN_DEPRECATED_OBJC_IMPLEMENTATIONS = YES;
				CLANG_WARN_DIRECT_OBJC_ISA_USAGE = YES_ERROR;
				CLANG_WARN_DOCUMENTATION_COMMENTS = YES;
				CLANG_WARN_EMPTY_BODY = YES;
				CLANG_WARN_ENUM_CONVERSION = YES;
				CLANG_WARN_INFINITE_RECURSION = YES;
				CLANG_WARN_INT_CONVERSION = YES;
				CLANG_WARN_NON_LITERAL_NULL_CONVERSION = YES;
				CLANG_WARN_OBJC_IMPLICIT_RETAIN_SELF = YES;
				CLANG_WARN_OBJC_LITERAL_CONVERSION = YES;
				CLANG_WARN_OBJC_ROOT_CLASS = YES_ERROR;
				CLANG_WARN_RANGE_LOOP_ANALYSIS = YES;
				CLANG_WARN_STRICT_PROTOTYPES = YES;
				CLANG_WARN_SUSPICIOUS_MOVE = YES;
				CLANG_WARN_UNGUARDED_AVAILABILITY = YES_AGGRESSIVE;
				CLANG_WARN_UNREACHABLE_CODE = YES;
				CLANG_WARN__DUPLICATE_METHOD_MATCH = YES;
				COPY_PHASE_STRIP = NO;
				DEBUG_INFORMATION_FORMAT = dwarf;
				ENABLE_STRICT_OBJC_MSGSEND = YES;
				ENABLE_TESTABILITY = YES;
				GCC_C_LANGUAGE_STANDARD = gnu11;
				GCC_DYNAMIC_NO_PIC = NO;
				GCC_NO_COMMON_BLOCKS = YES;
				GCC_OPTIMIZATION_LEVEL = 0;
				GCC_PREPROCESSOR_DEFINITIONS = (
					"DEBUG=1",
					"$(inherited)",
				);
				GCC_WARN_64_TO_32_BIT_CONVERSION = YES;
				GCC_WARN_ABOUT_RETURN_TYPE = YES_ERROR;
				GCC_WARN_UNDECLARED_SELECTOR = YES;
				GCC_WARN_UNINITIALIZED_AUTOS = YES_AGGRESSIVE;
				GCC_WARN_UNUSED_FUNCTION = YES;
				GCC_WARN_UNUSED_VARIABLE = YES;
				IPHONEOS_DEPLOYMENT_TARGET = 13.2;
				MTL_ENABLE_DEBUG_INFO = INCLUDE_SOURCE;
				MTL_FAST_MATH = YES;
				ONLY_ACTIVE_ARCH = YES;
				SDKROOT = iphoneos;
				SWIFT_ACTIVE_COMPILATION_CONDITIONS = DEBUG;
				SWIFT_OPTIMIZATION_LEVEL = "-Onone";
			};
			name = Debug;
		};
		B84B29AA23D1DD7A00F6D4AB /* Release */ = {
			isa = XCBuildConfiguration;
			buildSettings = {
				ALWAYS_SEARCH_USER_PATHS = NO;
				CLANG_ANALYZER_NONNULL = YES;
				CLANG_ANALYZER_NUMBER_OBJECT_CONVERSION = YES_AGGRESSIVE;
				CLANG_CXX_LANGUAGE_STANDARD = "gnu++14";
				CLANG_CXX_LIBRARY = "libc++";
				CLANG_ENABLE_MODULES = YES;
				CLANG_ENABLE_OBJC_ARC = YES;
				CLANG_ENABLE_OBJC_WEAK = YES;
				CLANG_WARN_BLOCK_CAPTURE_AUTORELEASING = YES;
				CLANG_WARN_BOOL_CONVERSION = YES;
				CLANG_WARN_COMMA = YES;
				CLANG_WARN_CONSTANT_CONVERSION = YES;
				CLANG_WARN_DEPRECATED_OBJC_IMPLEMENTATIONS = YES;
				CLANG_WARN_DIRECT_OBJC_ISA_USAGE = YES_ERROR;
				CLANG_WARN_DOCUMENTATION_COMMENTS = YES;
				CLANG_WARN_EMPTY_BODY = YES;
				CLANG_WARN_ENUM_CONVERSION = YES;
				CLANG_WARN_INFINITE_RECURSION = YES;
				CLANG_WARN_INT_CONVERSION = YES;
				CLANG_WARN_NON_LITERAL_NULL_CONVERSION = YES;
				CLANG_WARN_OBJC_IMPLICIT_RETAIN_SELF = YES;
				CLANG_WARN_OBJC_LITERAL_CONVERSION = YES;
				CLANG_WARN_OBJC_ROOT_CLASS = YES_ERROR;
				CLANG_WARN_RANGE_LOOP_ANALYSIS = YES;
				CLANG_WARN_STRICT_PROTOTYPES = YES;
				CLANG_WARN_SUSPICIOUS_MOVE = YES;
				CLANG_WARN_UNGUARDED_AVAILABILITY = YES_AGGRESSIVE;
				CLANG_WARN_UNREACHABLE_CODE = YES;
				CLANG_WARN__DUPLICATE_METHOD_MATCH = YES;
				COPY_PHASE_STRIP = NO;
				DEBUG_INFORMATION_FORMAT = "dwarf-with-dsym";
				ENABLE_NS_ASSERTIONS = NO;
				ENABLE_STRICT_OBJC_MSGSEND = YES;
				GCC_C_LANGUAGE_STANDARD = gnu11;
				GCC_NO_COMMON_BLOCKS = YES;
				GCC_WARN_64_TO_32_BIT_CONVERSION = YES;
				GCC_WARN_ABOUT_RETURN_TYPE = YES_ERROR;
				GCC_WARN_UNDECLARED_SELECTOR = YES;
				GCC_WARN_UNINITIALIZED_AUTOS = YES_AGGRESSIVE;
				GCC_WARN_UNUSED_FUNCTION = YES;
				GCC_WARN_UNUSED_VARIABLE = YES;
				IPHONEOS_DEPLOYMENT_TARGET = 13.2;
				MTL_ENABLE_DEBUG_INFO = NO;
				MTL_FAST_MATH = YES;
				SDKROOT = iphoneos;
				SWIFT_COMPILATION_MODE = wholemodule;
				SWIFT_OPTIMIZATION_LEVEL = "-O";
				VALIDATE_PRODUCT = YES;
			};
			name = Release;
		};
		B84B29AC23D1DD7A00F6D4AB /* Debug */ = {
			isa = XCBuildConfiguration;
			buildSettings = {
				ASSETCATALOG_COMPILER_APPICON_NAME = AppIcon;
				CODE_SIGN_STYLE = Automatic;
				INFOPLIST_FILE = swift_dev/Info.plist;
				LD_RUNPATH_SEARCH_PATHS = (
					"$(inherited)",
					"@executable_path/Frameworks",
				);
				PRODUCT_BUNDLE_IDENTIFIER = "shaomin.swift-dev";
				PRODUCT_NAME = "$(TARGET_NAME)";
				SWIFT_VERSION = 5.0;
				TARGETED_DEVICE_FAMILY = "1,2";
			};
			name = Debug;
		};
		B84B29AD23D1DD7A00F6D4AB /* Release */ = {
			isa = XCBuildConfiguration;
			buildSettings = {
				ASSETCATALOG_COMPILER_APPICON_NAME = AppIcon;
				CODE_SIGN_STYLE = Automatic;
				INFOPLIST_FILE = swift_dev/Info.plist;
				LD_RUNPATH_SEARCH_PATHS = (
					"$(inherited)",
					"@executable_path/Frameworks",
				);
				PRODUCT_BUNDLE_IDENTIFIER = "shaomin.swift-dev";
				PRODUCT_NAME = "$(TARGET_NAME)";
				SWIFT_VERSION = 5.0;
				TARGETED_DEVICE_FAMILY = "1,2";
			};
			name = Release;
		};
		B84B29AF23D1DD7A00F6D4AB /* Debug */ = {
			isa = XCBuildConfiguration;
			buildSettings = {
				ALWAYS_EMBED_SWIFT_STANDARD_LIBRARIES = YES;
				BUNDLE_LOADER = "$(TEST_HOST)";
				CODE_SIGN_STYLE = Automatic;
				INFOPLIST_FILE = swift_devTests/Info.plist;
				IPHONEOS_DEPLOYMENT_TARGET = 13.2;
				LD_RUNPATH_SEARCH_PATHS = (
					"$(inherited)",
					"@executable_path/Frameworks",
					"@loader_path/Frameworks",
				);
				PRODUCT_BUNDLE_IDENTIFIER = "shaomin.swift-devTests";
				PRODUCT_NAME = "$(TARGET_NAME)";
				SWIFT_VERSION = 5.0;
				TARGETED_DEVICE_FAMILY = "1,2";
				TEST_HOST = "$(BUILT_PRODUCTS_DIR)/swift_dev.app/swift_dev";
			};
			name = Debug;
		};
		B84B29B023D1DD7A00F6D4AB /* Release */ = {
			isa = XCBuildConfiguration;
			buildSettings = {
				ALWAYS_EMBED_SWIFT_STANDARD_LIBRARIES = YES;
				BUNDLE_LOADER = "$(TEST_HOST)";
				CODE_SIGN_STYLE = Automatic;
				INFOPLIST_FILE = swift_devTests/Info.plist;
				IPHONEOS_DEPLOYMENT_TARGET = 13.2;
				LD_RUNPATH_SEARCH_PATHS = (
					"$(inherited)",
					"@executable_path/Frameworks",
					"@loader_path/Frameworks",
				);
				PRODUCT_BUNDLE_IDENTIFIER = "shaomin.swift-devTests";
				PRODUCT_NAME = "$(TARGET_NAME)";
				SWIFT_VERSION = 5.0;
				TARGETED_DEVICE_FAMILY = "1,2";
				TEST_HOST = "$(BUILT_PRODUCTS_DIR)/swift_dev.app/swift_dev";
			};
			name = Release;
		};
/* End XCBuildConfiguration section */

/* Begin XCConfigurationList section */
		B84B298723D1DD7600F6D4AB /* Build configuration list for PBXProject "swift_dev" */ = {
			isa = XCConfigurationList;
			buildConfigurations = (
				B84B29A923D1DD7A00F6D4AB /* Debug */,
				B84B29AA23D1DD7A00F6D4AB /* Release */,
			);
			defaultConfigurationIsVisible = 0;
			defaultConfigurationName = Release;
		};
		B84B29AB23D1DD7A00F6D4AB /* Build configuration list for PBXNativeTarget "swift_dev" */ = {
			isa = XCConfigurationList;
			buildConfigurations = (
				B84B29AC23D1DD7A00F6D4AB /* Debug */,
				B84B29AD23D1DD7A00F6D4AB /* Release */,
			);
			defaultConfigurationIsVisible = 0;
			defaultConfigurationName = Release;
		};
		B84B29AE23D1DD7A00F6D4AB /* Build configuration list for PBXNativeTarget "swift_devTests" */ = {
			isa = XCConfigurationList;
			buildConfigurations = (
				B84B29AF23D1DD7A00F6D4AB /* Debug */,
				B84B29B023D1DD7A00F6D4AB /* Release */,
			);
			defaultConfigurationIsVisible = 0;
			defaultConfigurationName = Release;
		};
/* End XCConfigurationList section */
	};
	rootObject = B84B298423D1DD7600F6D4AB /* Project object */;
}
